
Microsoft Visual Studio Solution File, Format Version 12.00
# Visual Studio Version 17
VisualStudioVersion = 17.1.32328.378
MinimumVisualStudioVersion = 10.0.40219.1
Project("{9A19103F-16F7-4668-BE54-9A1E7A4F7556}") = "WeatherApi", "WeatherApi\WeatherApi.csproj", "{984F241F-160E-476E-A3B5-A7634D9DA3ED}"
EndProject
Project("{9A19103F-16F7-4668-BE54-9A1E7A4F7556}") = "ProductApi", "ProductApi\ProductApi.csproj", "{2351E1FD-B8E0-4812-88FC-6DCE5C16C101}"
EndProject
Project("{FAE04EC0-301F-11D3-BF4B-00C04F79EFBC}") = "OcelotGateway", "OcelotGateway\OcelotGateway.csproj", "{0DEB1D03-8DA3-4D16-8AAE-2A1F3BEA84D5}"
EndProject
Global
	GlobalSection(SolutionConfigurationPlatforms) = preSolution
		Debug|Any CPU = Debug|Any CPU
		Release|Any CPU = Release|Any CPU
	EndGlobalSection
	GlobalSection(ProjectConfigurationPlatforms) = postSolution
		{984F241F-160E-476E-A3B5-A7634D9DA3ED}.Debug|Any CPU.ActiveCfg = Debug|Any CPU
		{984F241F-160E-476E-A3B5-A7634D9DA3ED}.Debug|Any CPU.Build.0 = Debug|Any CPU
		{984F241F-160E-476E-A3B5-A7634D9DA3ED}.Release|Any CPU.ActiveCfg = Release|Any CPU
		{984F241F-160E-476E-A3B5-A7634D9DA3ED}.Release|Any CPU.Build.0 = Release|Any CPU
		{2351E1FD-B8E0-4812-88FC-6DCE5C16C101}.Debug|Any CPU.ActiveCfg = Debug|Any CPU
		{2351E1FD-B8E0-4812-88FC-6DCE5C16C101}.Debug|Any CPU.Build.0 = Debug|Any CPU
		{2351E1FD-B8E0-4812-88FC-6DCE5C16C101}.Release|Any CPU.ActiveCfg = Release|Any CPU
		{2351E1FD-B8E0-4812-88FC-6DCE5C16C101}.Release|Any CPU.Build.0 = Release|Any CPU
		{0DEB1D03-8DA3-4D16-8AAE-2A1F3BEA84D5}.Debug|Any CPU.ActiveCfg = Debug|Any CPU
		{0DEB1D03-8DA3-4D16-8AAE-2A1F3BEA84D5}.Debug|Any CPU.Build.0 = Debug|Any CPU
		{0DEB1D03-8DA3-4D16-8AAE-2A1F3BEA84D5}.Release|Any CPU.ActiveCfg = Release|Any CPU
		{0DEB1D03-8DA3-4D16-8AAE-2A1F3BEA84D5}.Release|Any CPU.Build.0 = Release|Any CPU
	EndGlobalSection
	GlobalSection(SolutionProperties) = preSolution
		HideSolutionNode = FALSE
	EndGlobalSection
	GlobalSection(ExtensibilityGlobals) = postSolution
		SolutionGuid = {383AFCEF-431E-46DC-9139-88BD9A4DBACC}
	EndGlobalSection
EndGlobal
